
Microsoft Visual Studio Solution File, Format Version 12.00
# Visual Studio Version 16
VisualStudioVersion = 16.0.31005.135
MinimumVisualStudioVersion = 10.0.40219.1
Project("{9A19103F-16F7-4668-BE54-9A1E7A4F7556}") = "MoneyMonitor.Common", "MoneyMonitor.Common\MoneyMonitor.Common.csproj", "{3DFCE6EE-B49B-48AF-9941-BF03E97B6385}"
EndProject
Project("{9A19103F-16F7-4668-BE54-9A1E7A4F7556}") = "MoneyMonitor.Windows", "MoneyMonitor.Windows\MoneyMonitor.Windows.csproj", "{B288B9B4-BA66-4703-8F06-7E8E58EDC539}"
EndProject
Project("{2150E333-8FDC-42A3-9474-1A3956D46DE8}") = "Solution Items", "Solution Items", "{FA1415DB-4780-4CC0-8AE2-C5B91C3135C3}"
	ProjectSection(SolutionItems) = preProject
		Copy-Secrets.ps1 = Copy-Secrets.ps1
		..\README.md = ..\README.md
	EndProjectSection
EndProject
Project("{FAE04EC0-301F-11D3-BF4B-00C04F79EFBC}") = "MoneyMonitor.Trader.Console", "MoneyMonitor.Trader.Console\MoneyMonitor.Trader.Console.csproj", "{D77B4136-C036-42F2-B3BE-F43382E1CA49}"
EndProject
Global
	GlobalSection(SolutionConfigurationPlatforms) = preSolution
		Debug|Any CPU = Debug|Any CPU
		Release|Any CPU = Release|Any CPU
	EndGlobalSection
	GlobalSection(ProjectConfigurationPlatforms) = postSolution
		{3DFCE6EE-B49B-48AF-9941-BF03E97B6385}.Debug|Any CPU.ActiveCfg = Debug|Any CPU
		{3DFCE6EE-B49B-48AF-9941-BF03E97B6385}.Debug|Any CPU.Build.0 = Debug|Any CPU
		{3DFCE6EE-B49B-48AF-9941-BF03E97B6385}.Release|Any CPU.ActiveCfg = Release|Any CPU
		{3DFCE6EE-B49B-48AF-9941-BF03E97B6385}.Release|Any CPU.Build.0 = Release|Any CPU
		{B288B9B4-BA66-4703-8F06-7E8E58EDC539}.Debug|Any CPU.ActiveCfg = Debug|Any CPU
		{B288B9B4-BA66-4703-8F06-7E8E58EDC539}.Debug|Any CPU.Build.0 = Debug|Any CPU
		{B288B9B4-BA66-4703-8F06-7E8E58EDC539}.Release|Any CPU.ActiveCfg = Release|Any CPU
		{B288B9B4-BA66-4703-8F06-7E8E58EDC539}.Release|Any CPU.Build.0 = Release|Any CPU
		{D77B4136-C036-42F2-B3BE-F43382E1CA49}.Debug|Any CPU.ActiveCfg = Debug|Any CPU
		{D77B4136-C036-42F2-B3BE-F43382E1CA49}.Debug|Any CPU.Build.0 = Debug|Any CPU
		{D77B4136-C036-42F2-B3BE-F43382E1CA49}.Release|Any CPU.ActiveCfg = Release|Any CPU
		{D77B4136-C036-42F2-B3BE-F43382E1CA49}.Release|Any CPU.Build.0 = Release|Any CPU
	EndGlobalSection
	GlobalSection(SolutionProperties) = preSolution
		HideSolutionNode = FALSE
	EndGlobalSection
	GlobalSection(ExtensibilityGlobals) = postSolution
		SolutionGuid = {CCECC294-1653-49EC-8825-A37DC2A94B63}
	EndGlobalSection
EndGlobal
